NeoBundleLock J6uil.vim b5c21f42c35bbf3b0e521a39d1303c01f52a2203
NeoBundleLock SrcExpl ba827cb3d2d1e7f0616850f147dfef744215fea2
NeoBundleLock TweetVim 3cedd9680baf5a8a0d233dda2b3a83775290e9b9
NeoBundleLock Wombat 600a27a126a32a1c7fd5d46727c2bb488d8e7465
NeoBundleLock badwolf 25b81062e23e2e570d42d9bc510e7d9e48cda213
NeoBundleLock calendar.vim d6bba38a73a6e73bed866664df21f422f97cc3fe
NeoBundleLock game_engine.vim 866e9e825506dee9c451a0db906e56416ea01a94
NeoBundleLock gist-vim 88c331e2e07765090112a396e5e119b39b5aa754
NeoBundleLock git-messenger.vim df15c16d2ba88ff907dc0d693038d4ee412bd459
NeoBundleLock gitv f0616624ee77e3a29a5d5faba02a5453bc45681b
NeoBundleLock gmail.vim f32dbde4b64f93260c323a7489c6a808cc914343
NeoBundleLock iceberg.vim 1078e4e89abfccfaba7af67852393662a40fffa9
NeoBundleLock jellybeans.vim e0b9ef9ff42b91133d7da5d36d2c264994cc3cdd
NeoBundleLock mirodark ed2a3c2b07e10c208033feaa3e7956995d2923aa
NeoBundleLock molokai c67bdfcdb31415aa0ade7f8c003261700a885476
NeoBundleLock neobundle.vim a240bb2f40437ea87254df3c2745523d3f27cfcf
NeoBundleLock neocomplcache.vim 778181767467b8f8016828898779a646074d883a
NeoBundleLock nerdtree 35c859179da4ad4f96eb8255e428904436a0b4b4
NeoBundleLock open-browser.vim 5170a179e1ee1669ce9790560cfeab9055718460
NeoBundleLock puyo.vim 997b13396639867537b5799c90c23f09fe25359e
NeoBundleLock quickfixstatus fd3875b914fc51bbefefa8c4995588c088163053
NeoBundleLock rdark cca9bf19977a587b846c10a4f0d16688e57138bb
NeoBundleLock seoul256.vim ca2499b0d673c7421a2b3b90e98b570cd0c41edc
NeoBundleLock tagbar 7b36c46d17d57db34fdb0adac9ba6382d0bb5e66
NeoBundleLock twibill.vim a1ef62a2d0800d53838a981410b41a73150e1b74
NeoBundleLock twilight 61d8d3e49507ae69d32951d63edf9755c87f4da6
NeoBundleLock unite-build e3f629d7016e8f03a1f3dad303ffad1672ee409a
NeoBundleLock unite-colorscheme 3aa33866a183f7659594a3f6b66b2334eaebc6a0
NeoBundleLock unite-help 1a0bccd022c22456f256c727f9322b8891b2d65a
NeoBundleLock unite-outline 962aaa61d5585634c15c3a7071df7c6a12c5e3cd
NeoBundleLock unite.vim 73df97bcb024952721a1e9f50ad2b43b2dbc99f8
NeoBundleLock vim-colors-pencil 645c77db4ddeca0fbd32504f4fc62953428b36ad
NeoBundleLock vim-colors-solarized 528a59f26d12278698bb946f8fb82a63711eec21
NeoBundleLock vim-fugitive bdd216827ae53cdf70d933bb30762da9bf42cad4
NeoBundleLock vim-hier ad47fe2dbe2b165efc302699c0122ec04e3f414e
NeoBundleLock vim-hybrid cc58baabeabc7b83768e25b852bf89c34756bf90
NeoBundleLock vim-latex 9038e4066c9d53c3cefbe5edc92b9b7fdfc2880a
NeoBundleLock vim-lucius 770dc0da1d1ce0c21e2d54191aae8f0e6012b6a5
NeoBundleLock vim-neko 2a98026e96533e851fc96db217044b49f2b810c4
NeoBundleLock vim-quickrun 5e3d1c94f0deee5b4e0c7630e7b7362213d9fda7
NeoBundleLock vim-railscasts-theme b09adffc4f23dab82e9005c6f12635210485da8a
NeoBundleLock vim-scouter 5221901d4ad6b2ef8b370b336db2aa7f69f2b6dc
NeoBundleLock vim-unite-history 73c766a4dcaa52a1c0306aad81403dc4457c1776
NeoBundleLock vimdoc-ja b5d91a224a502e33482b14251b0379b226d8a9c1
NeoBundleLock vimfiler 3d8005116768ec97d300309be3cb339580e7e14b
NeoBundleLock vimproc 0ff17bc0725cd0323df87664fa02b1436349f667
NeoBundleLock vimshell bdcd197b701734a743903c7547e9f56842701614
NeoBundleLock webapi-vim 50f1b7daa16449b36833469e665ef14b1abfb5a0
